{
  "version": 4,
  "terraform_version": "1.4.4",
  "serial": 298,
  "lineage": "ada4075b-44e1-eee0-bca3-e7e838374a28",
  "outputs": {},
  "resources": [
    {
      "module": "module.create_ec2",
      "mode": "managed",
      "type": "aws_instance",
      "name": "redhat_efs_instance",
      "provider": "provider[\"registry.terraform.io/hashicorp/aws\"]",
      "instances": [
        {
          "index_key": 0,
          "schema_version": 1,
          "attributes": {
            "ami": "ami-0299d82d412b669b3",
            "arn": "arn:aws:ec2:us-east-1:565604140614:instance/i-086acd7df42449f64",
            "associate_public_ip_address": true,
            "availability_zone": "us-east-1a",
            "capacity_reservation_specification": [
              {
                "capacity_reservation_preference": "open",
                "capacity_reservation_target": []
              }
            ],
            "cpu_core_count": 2,
            "cpu_threads_per_core": 1,
            "credit_specification": [
              {
                "cpu_credits": "unlimited"
              }
            ],
            "disable_api_stop": false,
            "disable_api_termination": false,
            "ebs_block_device": [],
            "ebs_optimized": false,
            "enclave_options": [
              {
                "enabled": false
              }
            ],
            "ephemeral_block_device": [],
            "get_password_data": false,
            "hibernation": false,
            "host_id": "",
            "host_resource_group_arn": null,
            "iam_instance_profile": "efs-ec2-instance-profile",
            "id": "i-086acd7df42449f64",
            "instance_initiated_shutdown_behavior": "stop",
            "instance_state": "running",
            "instance_type": "t4g.small",
            "ipv6_address_count": 0,
            "ipv6_addresses": [],
            "key_name": "key-stag-tf",
            "launch_template": [],
            "maintenance_options": [
              {
                "auto_recovery": "default"
              }
            ],
            "metadata_options": [
              {
                "http_endpoint": "enabled",
                "http_put_response_hop_limit": 1,
                "http_tokens": "optional",
                "instance_metadata_tags": "disabled"
              }
            ],
            "monitoring": false,
            "network_interface": [],
            "outpost_arn": "",
            "password_data": "",
            "placement_group": "",
            "placement_partition_number": 0,
            "primary_network_interface_id": "eni-0e16d58352524f582",
            "private_dns": "ip-172-31-29-251.ec2.internal",
            "private_dns_name_options": [
              {
                "enable_resource_name_dns_a_record": false,
                "enable_resource_name_dns_aaaa_record": false,
                "hostname_type": "ip-name"
              }
            ],
            "private_ip": "172.31.29.251",
            "public_dns": "ec2-18-234-215-216.compute-1.amazonaws.com",
            "public_ip": "18.234.215.216",
            "root_block_device": [
              {
                "delete_on_termination": true,
                "device_name": "/dev/sda1",
                "encrypted": false,
                "iops": 150,
                "kms_key_id": "",
                "tags": null,
                "throughput": 0,
                "volume_id": "vol-0d708a6f4f0cf54de",
                "volume_size": 50,
                "volume_type": "gp2"
              }
            ],
            "secondary_private_ips": [],
            "security_groups": [
              "terraform-20230516040323824300000001"
            ],
            "source_dest_check": true,
            "subnet_id": "subnet-0e541287fe7664e82",
            "tags": {
              "Name": "efs_ec2",
              "stream": "ipms"
            },
            "tags_all": {
              "Name": "efs_ec2",
              "stream": "ipms"
            },
            "tenancy": "default",
            "timeouts": null,
            "user_data": null,
            "user_data_base64": null,
            "user_data_replace_on_change": false,
            "volume_tags": null,
            "vpc_security_group_ids": [
              "sg-05245bb86d37202df"
            ]
          },
          "sensitive_attributes": [],
          "private": "eyJlMmJmYjczMC1lY2FhLTExZTYtOGY4OC0zNDM2M2JjN2M0YzAiOnsiY3JlYXRlIjo2MDAwMDAwMDAwMDAsImRlbGV0ZSI6MTIwMDAwMDAwMDAwMCwidXBkYXRlIjo2MDAwMDAwMDAwMDB9LCJzY2hlbWFfdmVyc2lvbiI6IjEifQ==",
          "dependencies": [
            "module.create_efs_ec2_securitygroup.aws_security_group.ec2",
            "module.ec2-instance-profile.aws_iam_instance_profile.ec2-profile",
            "module.ec2-instance-profile.aws_iam_role.ipms_efs_ec2_role"
          ]
        },
        {
          "index_key": 1,
          "schema_version": 1,
          "attributes": {
            "ami": "ami-0299d82d412b669b3",
            "arn": "arn:aws:ec2:us-east-1:565604140614:instance/i-099685a9dcbdaa108",
            "associate_public_ip_address": true,
            "availability_zone": "us-east-1b",
            "capacity_reservation_specification": [
              {
                "capacity_reservation_preference": "open",
                "capacity_reservation_target": []
              }
            ],
            "cpu_core_count": 2,
            "cpu_threads_per_core": 1,
            "credit_specification": [
              {
                "cpu_credits": "unlimited"
              }
            ],
            "disable_api_stop": false,
            "disable_api_termination": false,
            "ebs_block_device": [],
            "ebs_optimized": false,
            "enclave_options": [
              {
                "enabled": false
              }
            ],
            "ephemeral_block_device": [],
            "get_password_data": false,
            "hibernation": false,
            "host_id": "",
            "host_resource_group_arn": null,
            "iam_instance_profile": "efs-ec2-instance-profile",
            "id": "i-099685a9dcbdaa108",
            "instance_initiated_shutdown_behavior": "stop",
            "instance_state": "running",
            "instance_type": "t4g.small",
            "ipv6_address_count": 0,
            "ipv6_addresses": [],
            "key_name": "key-stag-tf",
            "launch_template": [],
            "maintenance_options": [
              {
                "auto_recovery": "default"
              }
            ],
            "metadata_options": [
              {
                "http_endpoint": "enabled",
                "http_put_response_hop_limit": 1,
                "http_tokens": "optional",
                "instance_metadata_tags": "disabled"
              }
            ],
            "monitoring": false,
            "network_interface": [],
            "outpost_arn": "",
            "password_data": "",
            "placement_group": "",
            "placement_partition_number": 0,
            "primary_network_interface_id": "eni-0f00ba75122309977",
            "private_dns": "ip-172-31-42-106.ec2.internal",
            "private_dns_name_options": [
              {
                "enable_resource_name_dns_a_record": false,
                "enable_resource_name_dns_aaaa_record": false,
                "hostname_type": "ip-name"
              }
            ],
            "private_ip": "172.31.42.106",
            "public_dns": "ec2-18-232-92-38.compute-1.amazonaws.com",
            "public_ip": "18.232.92.38",
            "root_block_device": [
              {
                "delete_on_termination": true,
                "device_name": "/dev/sda1",
                "encrypted": false,
                "iops": 150,
                "kms_key_id": "",
                "tags": null,
                "throughput": 0,
                "volume_id": "vol-0c01a05577ae03e50",
                "volume_size": 50,
                "volume_type": "gp2"
              }
            ],
            "secondary_private_ips": [],
            "security_groups": [
              "terraform-20230516040323824300000001"
            ],
            "source_dest_check": true,
            "subnet_id": "subnet-000ec6c8d264b8afb",
            "tags": {
              "Name": "efs_ec2",
              "stream": "ipms"
            },
            "tags_all": {
              "Name": "efs_ec2",
              "stream": "ipms"
            },
            "tenancy": "default",
            "timeouts": null,
            "user_data": null,
            "user_data_base64": null,
            "user_data_replace_on_change": false,
            "volume_tags": null,
            "vpc_security_group_ids": [
              "sg-05245bb86d37202df"
            ]
          },
          "sensitive_attributes": [],
          "private": "eyJlMmJmYjczMC1lY2FhLTExZTYtOGY4OC0zNDM2M2JjN2M0YzAiOnsiY3JlYXRlIjo2MDAwMDAwMDAwMDAsImRlbGV0ZSI6MTIwMDAwMDAwMDAwMCwidXBkYXRlIjo2MDAwMDAwMDAwMDB9LCJzY2hlbWFfdmVyc2lvbiI6IjEifQ==",
          "dependencies": [
            "module.create_efs_ec2_securitygroup.aws_security_group.ec2",
            "module.ec2-instance-profile.aws_iam_instance_profile.ec2-profile",
            "module.ec2-instance-profile.aws_iam_role.ipms_efs_ec2_role"
          ]
        }
      ]
    },
    {
      "module": "module.create_efs",
      "mode": "managed",
      "type": "aws_efs_backup_policy",
      "name": "policy",
      "provider": "provider[\"registry.terraform.io/hashicorp/aws\"]",
      "instances": [
        {
          "schema_version": 0,
          "attributes": {
            "backup_policy": [
              {
                "status": "ENABLED"
              }
            ],
            "file_system_id": "fs-0dbd766762ccf7428",
            "id": "fs-0dbd766762ccf7428"
          },
          "sensitive_attributes": [],
          "private": "bnVsbA==",
          "dependencies": [
            "module.create_efs.aws_efs_file_system.efs_storage"
          ]
        }
      ]
    },
    {
      "module": "module.create_efs",
      "mode": "managed",
      "type": "aws_efs_file_system",
      "name": "efs_storage",
      "provider": "provider[\"registry.terraform.io/hashicorp/aws\"]",
      "instances": [
        {
          "schema_version": 0,
          "attributes": {
            "arn": "arn:aws:elasticfilesystem:us-east-1:565604140614:file-system/fs-0dbd766762ccf7428",
            "availability_zone_id": "",
            "availability_zone_name": "",
            "creation_token": "efs_storage",
            "dns_name": "fs-0dbd766762ccf7428.efs.us-east-1.amazonaws.com",
            "encrypted": true,
            "id": "fs-0dbd766762ccf7428",
            "kms_key_id": "arn:aws:kms:us-east-1:565604140614:key/cfc55745-ec79-4925-8670-658d28d0f53a",
            "lifecycle_policy": [
              {
                "transition_to_ia": "AFTER_30_DAYS",
                "transition_to_primary_storage_class": ""
              }
            ],
            "number_of_mount_targets": 0,
            "owner_id": "565604140614",
            "performance_mode": "maxIO",
            "provisioned_throughput_in_mibps": 30,
            "size_in_bytes": [
              {
                "value": 6144,
                "value_in_ia": 0,
                "value_in_standard": 6144
              }
            ],
            "tags": {
              "Enviroment": "stagging",
              "Name": "ifx-stg-efs",
              "region": "us-east-1",
              "stream": "ipms"
            },
            "tags_all": {
              "Enviroment": "stagging",
              "Name": "ifx-stg-efs",
              "region": "us-east-1",
              "stream": "ipms"
            },
            "throughput_mode": "provisioned"
          },
          "sensitive_attributes": [],
          "private": "bnVsbA=="
        }
      ]
    },
    {
      "module": "module.create_efs",
      "mode": "managed",
      "type": "aws_efs_file_system_policy",
      "name": "policy",
      "provider": "provider[\"registry.terraform.io/hashicorp/aws\"]",
      "instances": [
        {
          "schema_version": 0,
          "attributes": {
            "bypass_policy_lockout_safety_check": false,
            "file_system_id": "fs-0dbd766762ccf7428",
            "id": "fs-0dbd766762ccf7428",
            "policy": "{\"Statement\":[{\"Action\":[\"elasticfilesystem:ClientMount\",\"elasticfilesystem:ClientWrite\",\"elasticfilesystem:ClientRootAccess\"],\"Effect\":\"Allow\",\"Principal\":{\"AWS\":[\"*\"]},\"Resource\":\"*\",\"Sid\":\"AllowReadWriteAccess\"},{\"Action\":[\"elasticfilesystem:ClientMount\",\"elasticfilesystem:ClientRead\"],\"Effect\":\"Allow\",\"Principal\":{\"AWS\":[\"*\"]},\"Resource\":\"*\",\"Sid\":\"AllowReadOnlyAccess\"}],\"Version\":\"2012-10-17\"}"
          },
          "sensitive_attributes": [],
          "private": "bnVsbA==",
          "dependencies": [
            "module.create_efs.aws_efs_file_system.efs_storage"
          ]
        }
      ]
    },
    {
      "module": "module.create_efs",
      "mode": "managed",
      "type": "aws_efs_mount_target",
      "name": "mount_target",
      "provider": "provider[\"registry.terraform.io/hashicorp/aws\"]",
      "instances": [
        {
          "index_key": "us-east-1a",
          "schema_version": 0,
          "attributes": {
            "availability_zone_id": "use1-az4",
            "availability_zone_name": "us-east-1a",
            "dns_name": "fs-0dbd766762ccf7428.efs.us-east-1.amazonaws.com",
            "file_system_arn": "arn:aws:elasticfilesystem:us-east-1:565604140614:file-system/fs-0dbd766762ccf7428",
            "file_system_id": "fs-0dbd766762ccf7428",
            "id": "fsmt-0a6e144e785ded36b",
            "ip_address": "172.31.18.131",
            "mount_target_dns_name": "us-east-1a.fs-0dbd766762ccf7428.efs.us-east-1.amazonaws.com",
            "network_interface_id": "eni-067f001746ff94a47",
            "owner_id": "565604140614",
            "security_groups": [
              "sg-0095c86932de3a2c1"
            ],
            "subnet_id": "subnet-0e541287fe7664e82",
            "timeouts": null
          },
          "sensitive_attributes": [],
          "private": "eyJlMmJmYjczMC1lY2FhLTExZTYtOGY4OC0zNDM2M2JjN2M0YzAiOnsiY3JlYXRlIjoxODAwMDAwMDAwMDAwLCJkZWxldGUiOjYwMDAwMDAwMDAwMH19",
          "dependencies": [
            "module.create_efs.aws_efs_file_system.efs_storage",
            "module.create_efs_ec2_securitygroup.aws_security_group.ec2",
            "module.create_efs_securitygroup.aws_security_group.efs"
          ]
        },
        {
          "index_key": "us-east-1b",
          "schema_version": 0,
          "attributes": {
            "availability_zone_id": "use1-az6",
            "availability_zone_name": "us-east-1b",
            "dns_name": "fs-0dbd766762ccf7428.efs.us-east-1.amazonaws.com",
            "file_system_arn": "arn:aws:elasticfilesystem:us-east-1:565604140614:file-system/fs-0dbd766762ccf7428",
            "file_system_id": "fs-0dbd766762ccf7428",
            "id": "fsmt-0ed437053fdb2f9eb",
            "ip_address": "172.31.35.38",
            "mount_target_dns_name": "us-east-1b.fs-0dbd766762ccf7428.efs.us-east-1.amazonaws.com",
            "network_interface_id": "eni-0d4d18de436b88179",
            "owner_id": "565604140614",
            "security_groups": [
              "sg-0095c86932de3a2c1"
            ],
            "subnet_id": "subnet-000ec6c8d264b8afb",
            "timeouts": null
          },
          "sensitive_attributes": [],
          "private": "eyJlMmJmYjczMC1lY2FhLTExZTYtOGY4OC0zNDM2M2JjN2M0YzAiOnsiY3JlYXRlIjoxODAwMDAwMDAwMDAwLCJkZWxldGUiOjYwMDAwMDAwMDAwMH19",
          "dependencies": [
            "module.create_efs.aws_efs_file_system.efs_storage",
            "module.create_efs_ec2_securitygroup.aws_security_group.ec2",
            "module.create_efs_securitygroup.aws_security_group.efs"
          ]
        }
      ]
    },
    {
      "module": "module.create_efs_ec2_securitygroup",
      "mode": "managed",
      "type": "aws_security_group",
      "name": "ec2",
      "provider": "provider[\"registry.terraform.io/hashicorp/aws\"]",
      "instances": [
        {
          "schema_version": 1,
          "attributes": {
            "arn": "arn:aws:ec2:us-east-1:565604140614:security-group/sg-05245bb86d37202df",
            "description": "Allow efs outbound traffic",
            "egress": [
              {
                "cidr_blocks": [
                  "0.0.0.0/0"
                ],
                "description": "",
                "from_port": 0,
                "ipv6_cidr_blocks": [],
                "prefix_list_ids": [],
                "protocol": "-1",
                "security_groups": [],
                "self": false,
                "to_port": 0
              }
            ],
            "id": "sg-05245bb86d37202df",
            "ingress": [
              {
                "cidr_blocks": [
                  "0.0.0.0/0"
                ],
                "description": "",
                "from_port": 22,
                "ipv6_cidr_blocks": [],
                "prefix_list_ids": [],
                "protocol": "tcp",
                "security_groups": [],
                "self": false,
                "to_port": 22
              }
            ],
            "name": "terraform-20230516040323824300000001",
            "name_prefix": "terraform-",
            "owner_id": "565604140614",
            "revoke_rules_on_delete": false,
            "tags": {
              "Name": "efs_ec2_sg"
            },
            "tags_all": {
              "Name": "efs_ec2_sg"
            },
            "timeouts": null,
            "vpc_id": "vpc-04cd16e9c52b23d2f"
          },
          "sensitive_attributes": [],
          "private": "eyJlMmJmYjczMC1lY2FhLTExZTYtOGY4OC0zNDM2M2JjN2M0YzAiOnsiY3JlYXRlIjo2MDAwMDAwMDAwMDAsImRlbGV0ZSI6OTAwMDAwMDAwMDAwfSwic2NoZW1hX3ZlcnNpb24iOiIxIn0="
        }
      ]
    },
    {
      "module": "module.create_efs_securitygroup",
      "mode": "managed",
      "type": "aws_security_group",
      "name": "efs",
      "provider": "provider[\"registry.terraform.io/hashicorp/aws\"]",
      "instances": [
        {
          "schema_version": 1,
          "attributes": {
            "arn": "arn:aws:ec2:us-east-1:565604140614:security-group/sg-0095c86932de3a2c1",
            "description": "Allos inbound efs traffic from ec2",
            "egress": [],
            "id": "sg-0095c86932de3a2c1",
            "ingress": [],
            "name": "terraform-20230516040328066800000003",
            "name_prefix": "terraform-",
            "owner_id": "565604140614",
            "revoke_rules_on_delete": false,
            "tags": {
              "Name": "efs_sg"
            },
            "tags_all": {
              "Name": "efs_sg"
            },
            "timeouts": null,
            "vpc_id": "vpc-04cd16e9c52b23d2f"
          },
          "sensitive_attributes": [],
          "private": "eyJlMmJmYjczMC1lY2FhLTExZTYtOGY4OC0zNDM2M2JjN2M0YzAiOnsiY3JlYXRlIjo2MDAwMDAwMDAwMDAsImRlbGV0ZSI6OTAwMDAwMDAwMDAwfSwic2NoZW1hX3ZlcnNpb24iOiIxIn0=",
          "dependencies": [
            "module.create_efs_ec2_securitygroup.aws_security_group.ec2"
          ]
        }
      ]
    },
    {
      "module": "module.create_efs_securitygroup",
      "mode": "managed",
      "type": "aws_security_group_rule",
      "name": "efs_sg_in",
      "provider": "provider[\"registry.terraform.io/hashicorp/aws\"]",
      "instances": [
        {
          "schema_version": 2,
          "attributes": {
            "cidr_blocks": null,
            "description": null,
            "from_port": 2049,
            "id": "sgrule-399279954",
            "ipv6_cidr_blocks": null,
            "prefix_list_ids": null,
            "protocol": "tcp",
            "security_group_id": "sg-0095c86932de3a2c1",
            "security_group_rule_id": "sgr-03676aac35cfd429e",
            "self": false,
            "source_security_group_id": "sg-05245bb86d37202df",
            "timeouts": null,
            "to_port": 2049,
            "type": "ingress"
          },
          "sensitive_attributes": [],
          "private": "eyJlMmJmYjczMC1lY2FhLTExZTYtOGY4OC0zNDM2M2JjN2M0YzAiOnsiY3JlYXRlIjozMDAwMDAwMDAwMDB9LCJzY2hlbWFfdmVyc2lvbiI6IjIifQ==",
          "dependencies": [
            "module.create_efs_ec2_securitygroup.aws_security_group.ec2",
            "module.create_efs_securitygroup.aws_security_group.efs"
          ]
        }
      ]
    },
    {
      "module": "module.create_efs_securitygroup",
      "mode": "managed",
      "type": "aws_security_group_rule",
      "name": "efs_sg_out",
      "provider": "provider[\"registry.terraform.io/hashicorp/aws\"]",
      "instances": [
        {
          "schema_version": 2,
          "attributes": {
            "cidr_blocks": null,
            "description": null,
            "from_port": 0,
            "id": "sgrule-1690884281",
            "ipv6_cidr_blocks": null,
            "prefix_list_ids": null,
            "protocol": "-1",
            "security_group_id": "sg-0095c86932de3a2c1",
            "security_group_rule_id": "sgr-0184cdaded4624f7a",
            "self": false,
            "source_security_group_id": "sg-05245bb86d37202df",
            "timeouts": null,
            "to_port": 0,
            "type": "egress"
          },
          "sensitive_attributes": [],
          "private": "eyJlMmJmYjczMC1lY2FhLTExZTYtOGY4OC0zNDM2M2JjN2M0YzAiOnsiY3JlYXRlIjozMDAwMDAwMDAwMDB9LCJzY2hlbWFfdmVyc2lvbiI6IjIifQ==",
          "dependencies": [
            "module.create_efs_ec2_securitygroup.aws_security_group.ec2",
            "module.create_efs_securitygroup.aws_security_group.efs"
          ]
        }
      ]
    },
    {
      "module": "module.ec2-instance-profile",
      "mode": "managed",
      "type": "aws_iam_instance_profile",
      "name": "ec2-profile",
      "provider": "provider[\"registry.terraform.io/hashicorp/aws\"]",
      "instances": [
        {
          "schema_version": 0,
          "attributes": {
            "arn": "arn:aws:iam::565604140614:instance-profile/efs-ec2-instance-profile",
            "create_date": "2023-05-16T04:03:25Z",
            "id": "efs-ec2-instance-profile",
            "name": "efs-ec2-instance-profile",
            "name_prefix": "",
            "path": "/",
            "role": "ipms_efs_ec2_role",
            "tags": null,
            "tags_all": {},
            "unique_id": "AIPAYHMFCIZDPSB7HDDQK"
          },
          "sensitive_attributes": [],
          "private": "bnVsbA==",
          "dependencies": [
            "module.ec2-instance-profile.aws_iam_role.ipms_efs_ec2_role"
          ]
        }
      ]
    },
    {
      "module": "module.ec2-instance-profile",
      "mode": "managed",
      "type": "aws_iam_policy",
      "name": "efs_policy",
      "provider": "provider[\"registry.terraform.io/hashicorp/aws\"]",
      "instances": [
        {
          "schema_version": 0,
          "attributes": {
            "arn": "arn:aws:iam::565604140614:policy/efs_policy",
            "description": "efs policy",
            "id": "arn:aws:iam::565604140614:policy/efs_policy",
            "name": "efs_policy",
            "name_prefix": "",
            "path": "/",
            "policy": "{\"Statement\":[{\"Action\":[\"elasticfilesystem:*\",\"elasticfilesystem:DescribeReplicationConfigurations\",\"elasticfilesystem:DescribeAccessPoints\",\"elasticfilesystem:DescribeAccountPreferences\",\"elasticfilesystem:DescribeFileSystems\",\"elasticfilesystem:ClientMount\",\"elasticfilesystem:ClientWrite\",\"elasticfilesystem:ClientRootAccess\",\"elasticfilesystem:ClientMount\",\"elasticfilesystem:ClientRead\"],\"Effect\":\"Allow\",\"Resource\":\"*\",\"Sid\":\"VisualEditor0\"}],\"Version\":\"2012-10-17\"}",
            "policy_id": "ANPAYHMFCIZDLSM7HC7BB",
            "tags": null,
            "tags_all": {}
          },
          "sensitive_attributes": [],
          "private": "bnVsbA=="
        }
      ]
    },
    {
      "module": "module.ec2-instance-profile",
      "mode": "managed",
      "type": "aws_iam_role",
      "name": "ipms_efs_ec2_role",
      "provider": "provider[\"registry.terraform.io/hashicorp/aws\"]",
      "instances": [
        {
          "schema_version": 0,
          "attributes": {
            "arn": "arn:aws:iam::565604140614:role/ipms_efs_ec2_role",
            "assume_role_policy": "{\"Statement\":[{\"Action\":\"sts:AssumeRole\",\"Effect\":\"Allow\",\"Principal\":{\"Service\":\"ec2.amazonaws.com\"},\"Sid\":\"\"}],\"Version\":\"2012-10-17\"}",
            "create_date": "2023-05-16T04:03:24Z",
            "description": "",
            "force_detach_policies": false,
            "id": "ipms_efs_ec2_role",
            "inline_policy": [],
            "managed_policy_arns": [],
            "max_session_duration": 3600,
            "name": "ipms_efs_ec2_role",
            "name_prefix": "",
            "path": "/",
            "permissions_boundary": null,
            "tags": null,
            "tags_all": {},
            "unique_id": "AROAYHMFCIZDD6YRUL7IE"
          },
          "sensitive_attributes": [],
          "private": "bnVsbA=="
        }
      ]
    },
    {
      "module": "module.ec2-instance-profile",
      "mode": "managed",
      "type": "aws_iam_role_policy_attachment",
      "name": "AmazonEC2FullAccess",
      "provider": "provider[\"registry.terraform.io/hashicorp/aws\"]",
      "instances": [
        {
          "schema_version": 0,
          "attributes": {
            "id": "ipms_efs_ec2_role-20230516040325368400000002",
            "policy_arn": "arn:aws:iam::aws:policy/AmazonEC2FullAccess",
            "role": "ipms_efs_ec2_role"
          },
          "sensitive_attributes": [],
          "private": "bnVsbA==",
          "dependencies": [
            "module.ec2-instance-profile.aws_iam_role.ipms_efs_ec2_role"
          ]
        }
      ]
    }
  ],
  "check_results": null
}
